
Microsoft Visual Studio Solution File, Format Version 12.00
# Visual Studio Version 17
VisualStudioVersion = 17.14.36109.1 d17.14
MinimumVisualStudioVersion = 10.0.40219.1
Project("{FAE04EC0-301F-11D3-BF4B-00C04F79EFBC}") = "Домашня робота", "Домашня робота\Домашня робота.csproj", "{9300C955-5D89-4109-A438-C4C96FED79AF}"
EndProject
Global
	GlobalSection(SolutionConfigurationPlatforms) = preSolution
		Debug|Any CPU = Debug|Any CPU
		Release|Any CPU = Release|Any CPU
	EndGlobalSection
	GlobalSection(ProjectConfigurationPlatforms) = postSolution
		{9300C955-5D89-4109-A438-C4C96FED79AF}.Debug|Any CPU.ActiveCfg = Debug|Any CPU
		{9300C955-5D89-4109-A438-C4C96FED79AF}.Debug|Any CPU.Build.0 = Debug|Any CPU
		{9300C955-5D89-4109-A438-C4C96FED79AF}.Release|Any CPU.ActiveCfg = Release|Any CPU
		{9300C955-5D89-4109-A438-C4C96FED79AF}.Release|Any CPU.Build.0 = Release|Any CPU
	EndGlobalSection
	GlobalSection(SolutionProperties) = preSolution
		HideSolutionNode = FALSE
	EndGlobalSection
	GlobalSection(ExtensibilityGlobals) = postSolution
		SolutionGuid = {FF1D3CD8-77F6-414D-8515-86759EA209AF}
	EndGlobalSection
EndGlobal
